// !$*UTF8*$!
{
	archiveVersion = 1;
	classes = {
	};
	objectVersion = 46;
	objects = {

/* Begin PBXBuildFile section */
		E9096C731893418900E9FB6B /* thwHistoryTableViewController.m in Sources */ = {isa = PBXBuildFile; fileRef = E9096C721893418900E9FB6B /* thwHistoryTableViewController.m */; };
		E94CBD7B1899DB8A00202DF5 /* thwHistoryItem.m in Sources */ = {isa = PBXBuildFile; fileRef = E94CBD7A1899DB8A00202DF5 /* thwHistoryItem.m */; };
		E9D849E41892134000DDE5FE /* Foundation.framework in Frameworks */ = {isa = PBXBuildFile; fileRef = E9D849E31892134000DDE5FE /* Foundation.framework */; };
		E9D849E61892134000DDE5FE /* CoreGraphics.framework in Frameworks */ = {isa = PBXBuildFile; fileRef = E9D849E51892134000DDE5FE /* CoreGraphics.framework */; };
		E9D849E81892134000DDE5FE /* UIKit.framework in Frameworks */ = {isa = PBXBuildFile; fileRef = E9D849E71892134000DDE5FE /* UIKit.framework */; };
		E9D849EE1892134000DDE5FE /* InfoPlist.strings in Resources */ = {isa = PBXBuildFile; fileRef = E9D849EC1892134000DDE5FE /* InfoPlist.strings */; };
		E9D849F01892134000DDE5FE /* main.m in Sources */ = {isa = PBXBuildFile; fileRef = E9D849EF1892134000DDE5FE /* main.m */; };
		E9D849F41892134000DDE5FE /* thwAppDelegate.m in Sources */ = {isa = PBXBuildFile; fileRef = E9D849F31892134000DDE5FE /* thwAppDelegate.m */; };
		E9D849F71892134000DDE5FE /* Main.storyboard in Resources */ = {isa = PBXBuildFile; fileRef = E9D849F51892134000DDE5FE /* Main.storyboard */; };
		E9D849FA1892134100DDE5FE /* thwFirstViewController.m in Sources */ = {isa = PBXBuildFile; fileRef = E9D849F91892134100DDE5FE /* thwFirstViewController.m */; };
		E9D849FD1892134100DDE5FE /* thwSecondViewController.m in Sources */ = {isa = PBXBuildFile; fileRef = E9D849FC1892134100DDE5FE /* thwSecondViewController.m */; };
		E9D849FF1892134100DDE5FE /* Images.xcassets in Resources */ = {isa = PBXBuildFile; fileRef = E9D849FE1892134100DDE5FE /* Images.xcassets */; };
		E9D84A061892134100DDE5FE /* XCTest.framework in Frameworks */ = {isa = PBXBuildFile; fileRef = E9D84A051892134100DDE5FE /* XCTest.framework */; };
		E9D84A071892134100DDE5FE /* Foundation.framework in Frameworks */ = {isa = PBXBuildFile; fileRef = E9D849E31892134000DDE5FE /* Foundation.framework */; };
		E9D84A081892134100DDE5FE /* UIKit.framework in Frameworks */ = {isa = PBXBuildFile; fileRef = E9D849E71892134000DDE5FE /* UIKit.framework */; };
		E9D84A101892134100DDE5FE /* InfoPlist.strings in Resources */ = {isa = PBXBuildFile; fileRef = E9D84A0E1892134100DDE5FE /* InfoPlist.strings */; };
		E9D84A121892134100DDE5FE /* sabnzbdTests.m in Sources */ = {isa = PBXBuildFile; fileRef = E9D84A111892134100DDE5FE /* sabnzbdTests.m */; };
/* End PBXBuildFile section */

/* Begin PBXContainerItemProxy section */
		E9D84A091892134100DDE5FE /* PBXContainerItemProxy */ = {
			isa = PBXContainerItemProxy;
			containerPortal = E9D849D81892134000DDE5FE /* Project object */;
			proxyType = 1;
			remoteGlobalIDString = E9D849DF1892134000DDE5FE;
			remoteInfo = sabnzbd;
		};
/* End PBXContainerItemProxy section */

/* Begin PBXFileReference section */
		E9096C711893418900E9FB6B /* thwHistoryTableViewController.h */ = {isa = PBXFileReference; fileEncoding = 4; lastKnownFileType = sourcecode.c.h; path = thwHistoryTableViewController.h; sourceTree = "<group>"; };
		E9096C721893418900E9FB6B /* thwHistoryTableViewController.m */ = {isa = PBXFileReference; fileEncoding = 4; lastKnownFileType = sourcecode.c.objc; path = thwHistoryTableViewController.m; sourceTree = "<group>"; };
		E94CBD791899DB8A00202DF5 /* thwHistoryItem.h */ = {isa = PBXFileReference; fileEncoding = 4; lastKnownFileType = sourcecode.c.h; path = thwHistoryItem.h; sourceTree = "<group>"; };
		E94CBD7A1899DB8A00202DF5 /* thwHistoryItem.m */ = {isa = PBXFileReference; fileEncoding = 4; lastKnownFileType = sourcecode.c.objc; path = thwHistoryItem.m; sourceTree = "<group>"; };
		E9D849E01892134000DDE5FE /* sabnzbd.app */ = {isa = PBXFileReference; explicitFileType = wrapper.application; includeInIndex = 0; path = sabnzbd.app; sourceTree = BUILT_PRODUCTS_DIR; };
		E9D849E31892134000DDE5FE /* Foundation.framework */ = {isa = PBXFileReference; lastKnownFileType = wrapper.framework; name = Foundation.framework; path = System/Library/Frameworks/Foundation.framework; sourceTree = SDKROOT; };
		E9D849E51892134000DDE5FE /* CoreGraphics.framework */ = {isa = PBXFileReference; lastKnownFileType = wrapper.framework; name = CoreGraphics.framework; path = System/Library/Frameworks/CoreGraphics.framework; sourceTree = SDKROOT; };
		E9D849E71892134000DDE5FE /* UIKit.framework */ = {isa = PBXFileReference; lastKnownFileType = wrapper.framework; name = UIKit.framework; path = System/Library/Frameworks/UIKit.framework; sourceTree = SDKROOT; };
		E9D849EB1892134000DDE5FE /* sabnzbd-Info.plist */ = {isa = PBXFileReference; lastKnownFileType = text.plist.xml; path = "sabnzbd-Info.plist"; sourceTree = "<group>"; };
		E9D849ED1892134000DDE5FE /* en */ = {isa = PBXFileReference; lastKnownFileType = text.plist.strings; name = en; path = en.lproj/InfoPlist.strings; sourceTree = "<group>"; };
		E9D849EF1892134000DDE5FE /* main.m */ = {isa = PBXFileReference; lastKnownFileType = sourcecode.c.objc; path = main.m; sourceTree = "<group>"; };
		E9D849F11892134000DDE5FE /* sabnzbd-Prefix.pch */ = {isa = PBXFileReference; lastKnownFileType = sourcecode.c.h; path = "sabnzbd-Prefix.pch"; sourceTree = "<group>"; };
		E9D849F21892134000DDE5FE /* thwAppDelegate.h */ = {isa = PBXFileReference; lastKnownFileType = sourcecode.c.h; path = thwAppDelegate.h; sourceTree = "<group>"; };
		E9D849F31892134000DDE5FE /* thwAppDelegate.m */ = {isa = PBXFileReference; lastKnownFileType = sourcecode.c.objc; path = thwAppDelegate.m; sourceTree = "<group>"; };
		E9D849F61892134000DDE5FE /* Base */ = {isa = PBXFileReference; lastKnownFileType = file.storyboard; name = Base; path = Base.lproj/Main.storyboard; sourceTree = "<group>"; };
		E9D849F81892134000DDE5FE /* thwFirstViewController.h */ = {isa = PBXFileReference; lastKnownFileType = sourcecode.c.h; path = thwFirstViewController.h; sourceTree = "<group>"; };
		E9D849F91892134100DDE5FE /* thwFirstViewController.m */ = {isa = PBXFileReference; lastKnownFileType = sourcecode.c.objc; path = thwFirstViewController.m; sourceTree = "<group>"; };
		E9D849FB1892134100DDE5FE /* thwSecondViewController.h */ = {isa = PBXFileReference; lastKnownFileType = sourcecode.c.h; path = thwSecondViewController.h; sourceTree = "<group>"; };
		E9D849FC1892134100DDE5FE /* thwSecondViewController.m */ = {isa = PBXFileReference; lastKnownFileType = sourcecode.c.objc; path = thwSecondViewController.m; sourceTree = "<group>"; };
		E9D849FE1892134100DDE5FE /* Images.xcassets */ = {isa = PBXFileReference; lastKnownFileType = folder.assetcatalog; path = Images.xcassets; sourceTree = "<group>"; };
		E9D84A041892134100DDE5FE /* sabnzbdTests.xctest */ = {isa = PBXFileReference; explicitFileType = wrapper.cfbundle; includeInIndex = 0; path = sabnzbdTests.xctest; sourceTree = BUILT_PRODUCTS_DIR; };
		E9D84A051892134100DDE5FE /* XCTest.framework */ = {isa = PBXFileReference; lastKnownFileType = wrapper.framework; name = XCTest.framework; path = Library/Frameworks/XCTest.framework; sourceTree = DEVELOPER_DIR; };
		E9D84A0D1892134100DDE5FE /* sabnzbdTests-Info.plist */ = {isa = PBXFileReference; lastKnownFileType = text.plist.xml; path = "sabnzbdTests-Info.plist"; sourceTree = "<group>"; };
		E9D84A0F1892134100DDE5FE /* en */ = {isa = PBXFileReference; lastKnownFileType = text.plist.strings; name = en; path = en.lproj/InfoPlist.strings; sourceTree = "<group>"; };
		E9D84A111892134100DDE5FE /* sabnzbdTests.m */ = {isa = PBXFileReference; lastKnownFileType = sourcecode.c.objc; path = sabnzbdTests.m; sourceTree = "<group>"; };
/* End PBXFileReference section */

/* Begin PBXFrameworksBuildPhase section */
		E9D849DD1892134000DDE5FE /* Frameworks */ = {
			isa = PBXFrameworksBuildPhase;
			buildActionMask = 2147483647;
			files = (
				E9D849E61892134000DDE5FE /* CoreGraphics.framework in Frameworks */,
				E9D849E81892134000DDE5FE /* UIKit.framework in Frameworks */,
				E9D849E41892134000DDE5FE /* Foundation.framework in Frameworks */,
			);
			runOnlyForDeploymentPostprocessing = 0;
		};
		E9D84A011892134100DDE5FE /* Frameworks */ = {
			isa = PBXFrameworksBuildPhase;
			buildActionMask = 2147483647;
			files = (
				E9D84A061892134100DDE5FE /* XCTest.framework in Frameworks */,
				E9D84A081892134100DDE5FE /* UIKit.framework in Frameworks */,
				E9D84A071892134100DDE5FE /* Foundation.framework in Frameworks */,
			);
			runOnlyForDeploymentPostprocessing = 0;
		};
/* End PBXFrameworksBuildPhase section */

/* Begin PBXGroup section */
		E9096C6C189215D600E9FB6B /* sabnzbd */ = {
			isa = PBXGroup;
			children = (
				E9096C6D189215DD00E9FB6B /* history */,
			);
			name = sabnzbd;
			sourceTree = "<group>";
		};
		E9096C6D189215DD00E9FB6B /* history */ = {
			isa = PBXGroup;
			children = (
				E9096C711893418900E9FB6B /* thwHistoryTableViewController.h */,
				E9096C721893418900E9FB6B /* thwHistoryTableViewController.m */,
				E94CBD791899DB8A00202DF5 /* thwHistoryItem.h */,
				E94CBD7A1899DB8A00202DF5 /* thwHistoryItem.m */,
			);
			name = history;
			sourceTree = "<group>";
		};
		E9D849D71892134000DDE5FE = {
			isa = PBXGroup;
			children = (
				E9D849E91892134000DDE5FE /* sabnzbd */,
				E9D84A0B1892134100DDE5FE /* sabnzbdTests */,
				E9D849E21892134000DDE5FE /* Frameworks */,
				E9D849E11892134000DDE5FE /* Products */,
			);
			sourceTree = "<group>";
		};
		E9D849E11892134000DDE5FE /* Products */ = {
			isa = PBXGroup;
			children = (
				E9D849E01892134000DDE5FE /* sabnzbd.app */,
				E9D84A041892134100DDE5FE /* sabnzbdTests.xctest */,
			);
			name = Products;
			sourceTree = "<group>";
		};
		E9D849E21892134000DDE5FE /* Frameworks */ = {
			isa = PBXGroup;
			children = (
				E9D849E31892134000DDE5FE /* Foundation.framework */,
				E9D849E51892134000DDE5FE /* CoreGraphics.framework */,
				E9D849E71892134000DDE5FE /* UIKit.framework */,
				E9D84A051892134100DDE5FE /* XCTest.framework */,
			);
			name = Frameworks;
			sourceTree = "<group>";
		};
		E9D849E91892134000DDE5FE /* sabnzbd */ = {
			isa = PBXGroup;
			children = (
				E9096C6C189215D600E9FB6B /* sabnzbd */,
				E9D849F21892134000DDE5FE /* thwAppDelegate.h */,
				E9D849F31892134000DDE5FE /* thwAppDelegate.m */,
				E9D849F51892134000DDE5FE /* Main.storyboard */,
				E9D849F81892134000DDE5FE /* thwFirstViewController.h */,
				E9D849F91892134100DDE5FE /* thwFirstViewController.m */,
				E9D849FB1892134100DDE5FE /* thwSecondViewController.h */,
				E9D849FC1892134100DDE5FE /* thwSecondViewController.m */,
				E9D849FE1892134100DDE5FE /* Images.xcassets */,
				E9D849EA1892134000DDE5FE /* Supporting Files */,
			);
			path = sabnzbd;
			sourceTree = "<group>";
		};
		E9D849EA1892134000DDE5FE /* Supporting Files */ = {
			isa = PBXGroup;
			children = (
				E9D849EB1892134000DDE5FE /* sabnzbd-Info.plist */,
				E9D849EC1892134000DDE5FE /* InfoPlist.strings */,
				E9D849EF1892134000DDE5FE /* main.m */,
				E9D849F11892134000DDE5FE /* sabnzbd-Prefix.pch */,
			);
			name = "Supporting Files";
			sourceTree = "<group>";
		};
		E9D84A0B1892134100DDE5FE /* sabnzbdTests */ = {
			isa = PBXGroup;
			children = (
				E9D84A111892134100DDE5FE /* sabnzbdTests.m */,
				E9D84A0C1892134100DDE5FE /* Supporting Files */,
			);
			path = sabnzbdTests;
			sourceTree = "<group>";
		};
		E9D84A0C1892134100DDE5FE /* Supporting Files */ = {
			isa = PBXGroup;
			children = (
				E9D84A0D1892134100DDE5FE /* sabnzbdTests-Info.plist */,
				E9D84A0E1892134100DDE5FE /* InfoPlist.strings */,
			);
			name = "Supporting Files";
			sourceTree = "<group>";
		};
/* End PBXGroup section */

/* Begin PBXNativeTarget section */
		E9D849DF1892134000DDE5FE /* sabnzbd */ = {
			isa = PBXNativeTarget;
			buildConfigurationList = E9D84A151892134100DDE5FE /* Build configuration list for PBXNativeTarget "sabnzbd" */;
			buildPhases = (
				E9D849DC1892134000DDE5FE /* Sources */,
				E9D849DD1892134000DDE5FE /* Frameworks */,
				E9D849DE1892134000DDE5FE /* Resources */,
			);
			buildRules = (
			);
			dependencies = (
			);
			name = sabnzbd;
			productName = sabnzbd;
			productReference = E9D849E01892134000DDE5FE /* sabnzbd.app */;
			productType = "com.apple.product-type.application";
		};
		E9D84A031892134100DDE5FE /* sabnzbdTests */ = {
			isa = PBXNativeTarget;
			buildConfigurationList = E9D84A181892134100DDE5FE /* Build configuration list for PBXNativeTarget "sabnzbdTests" */;
			buildPhases = (
				E9D84A001892134100DDE5FE /* Sources */,
				E9D84A011892134100DDE5FE /* Frameworks */,
				E9D84A021892134100DDE5FE /* Resources */,
			);
			buildRules = (
			);
			dependencies = (
				E9D84A0A1892134100DDE5FE /* PBXTargetDependency */,
			);
			name = sabnzbdTests;
			productName = sabnzbdTests;
			productReference = E9D84A041892134100DDE5FE /* sabnzbdTests.xctest */;
			productType = "com.apple.product-type.bundle.unit-test";
		};
/* End PBXNativeTarget section */

/* Begin PBXProject section */
		E9D849D81892134000DDE5FE /* Project object */ = {
			isa = PBXProject;
			attributes = {
				CLASSPREFIX = thw;
				LastUpgradeCheck = 0500;
				ORGANIZATIONNAME = thomashw;
				TargetAttributes = {
					E9D84A031892134100DDE5FE = {
						TestTargetID = E9D849DF1892134000DDE5FE;
					};
				};
			};
			buildConfigurationList = E9D849DB1892134000DDE5FE /* Build configuration list for PBXProject "sabnzbd" */;
			compatibilityVersion = "Xcode 3.2";
			developmentRegion = English;
			hasScannedForEncodings = 0;
			knownRegions = (
				en,
				Base,
			);
			mainGroup = E9D849D71892134000DDE5FE;
			productRefGroup = E9D849E11892134000DDE5FE /* Products */;
			projectDirPath = "";
			projectRoot = "";
			targets = (
				E9D849DF1892134000DDE5FE /* sabnzbd */,
				E9D84A031892134100DDE5FE /* sabnzbdTests */,
			);
		};
/* End PBXProject section */

/* Begin PBXResourcesBuildPhase section */
		E9D849DE1892134000DDE5FE /* Resources */ = {
			isa = PBXResourcesBuildPhase;
			buildActionMask = 2147483647;
			files = (
				E9D849FF1892134100DDE5FE /* Images.xcassets in Resources */,
				E9D849EE1892134000DDE5FE /* InfoPlist.strings in Resources */,
				E9D849F71892134000DDE5FE /* Main.storyboard in Resources */,
			);
			runOnlyForDeploymentPostprocessing = 0;
		};
		E9D84A021892134100DDE5FE /* Resources */ = {
			isa = PBXResourcesBuildPhase;
			buildActionMask = 2147483647;
			files = (
				E9D84A101892134100DDE5FE /* InfoPlist.strings in Resources */,
			);
			runOnlyForDeploymentPostprocessing = 0;
		};
/* End PBXResourcesBuildPhase section */

/* Begin PBXSourcesBuildPhase section */
		E9D849DC1892134000DDE5FE /* Sources */ = {
			isa = PBXSourcesBuildPhase;
			buildActionMask = 2147483647;
			files = (
				E9D849F41892134000DDE5FE /* thwAppDelegate.m in Sources */,
				E9D849F01892134000DDE5FE /* main.m in Sources */,
				E9D849FD1892134100DDE5FE /* thwSecondViewController.m in Sources */,
				E9096C731893418900E9FB6B /* thwHistoryTableViewController.m in Sources */,
				E94CBD7B1899DB8A00202DF5 /* thwHistoryItem.m in Sources */,
				E9D849FA1892134100DDE5FE /* thwFirstViewController.m in Sources */,
			);
			runOnlyForDeploymentPostprocessing = 0;
		};
		E9D84A001892134100DDE5FE /* Sources */ = {
			isa = PBXSourcesBuildPhase;
			buildActionMask = 2147483647;
			files = (
				E9D84A121892134100DDE5FE /* sabnzbdTests.m in Sources */,
			);
			runOnlyForDeploymentPostprocessing = 0;
		};
/* End PBXSourcesBuildPhase section */

/* Begin PBXTargetDependency section */
		E9D84A0A1892134100DDE5FE /* PBXTargetDependency */ = {
			isa = PBXTargetDependency;
			target = E9D849DF1892134000DDE5FE /* sabnzbd */;
			targetProxy = E9D84A091892134100DDE5FE /* PBXContainerItemProxy */;
		};
/* End PBXTargetDependency section */

/* Begin PBXVariantGroup section */
		E9D849EC1892134000DDE5FE /* InfoPlist.strings */ = {
			isa = PBXVariantGroup;
			children = (
				E9D849ED1892134000DDE5FE /* en */,
			);
			name = InfoPlist.strings;
			sourceTree = "<group>";
		};
		E9D849F51892134000DDE5FE /* Main.storyboard */ = {
			isa = PBXVariantGroup;
			children = (
				E9D849F61892134000DDE5FE /* Base */,
			);
			name = Main.storyboard;
			sourceTree = "<group>";
		};
		E9D84A0E1892134100DDE5FE /* InfoPlist.strings */ = {
			isa = PBXVariantGroup;
			children = (
				E9D84A0F1892134100DDE5FE /* en */,
			);
			name = InfoPlist.strings;
			sourceTree = "<group>";
		};
/* End PBXVariantGroup section */

/* Begin XCBuildConfiguration section */
		E9D84A131892134100DDE5FE /* Debug */ = {
			isa = XCBuildConfiguration;
			buildSettings = {
				ALWAYS_SEARCH_USER_PATHS = NO;
				ARCHS = "$(ARCHS_STANDARD_INCLUDING_64_BIT)";
				CLANG_CXX_LANGUAGE_STANDARD = "gnu++0x";
				CLANG_CXX_LIBRARY = "libc++";
				CLANG_ENABLE_MODULES = YES;
				CLANG_ENABLE_OBJC_ARC = YES;
				CLANG_WARN_BOOL_CONVERSION = YES;
				CLANG_WARN_CONSTANT_CONVERSION = YES;
				CLANG_WARN_DIRECT_OBJC_ISA_USAGE = YES_ERROR;
				CLANG_WARN_EMPTY_BODY = YES;
				CLANG_WARN_ENUM_CONVERSION = YES;
				CLANG_WARN_INT_CONVERSION = YES;
				CLANG_WARN_OBJC_ROOT_CLASS = YES_ERROR;
				CLANG_WARN__DUPLICATE_METHOD_MATCH = YES;
				"CODE_SIGN_IDENTITY[sdk=iphoneos*]" = "iPhone Developer";
				COPY_PHASE_STRIP = NO;
				GCC_C_LANGUAGE_STANDARD = gnu99;
				GCC_DYNAMIC_NO_PIC = NO;
				GCC_OPTIMIZATION_LEVEL = 0;
				GCC_PREPROCESSOR_DEFINITIONS = (
					"DEBUG=1",
					"$(inherited)",
				);
				GCC_SYMBOLS_PRIVATE_EXTERN = NO;
				GCC_WARN_64_TO_32_BIT_CONVERSION = YES;
				GCC_WARN_ABOUT_RETURN_TYPE = YES_ERROR;
				GCC_WARN_UNDECLARED_SELECTOR = YES;
				GCC_WARN_UNINITIALIZED_AUTOS = YES;
				GCC_WARN_UNUSED_FUNCTION = YES;
				GCC_WARN_UNUSED_VARIABLE = YES;
				IPHONEOS_DEPLOYMENT_TARGET = 7.0;
				ONLY_ACTIVE_ARCH = YES;
				SDKROOT = iphoneos;
			};
			name = Debug;
		};
		E9D84A141892134100DDE5FE /* Release */ = {
			isa = XCBuildConfiguration;
			buildSettings = {
				ALWAYS_SEARCH_USER_PATHS = NO;
				ARCHS = "$(ARCHS_STANDARD_INCLUDING_64_BIT)";
				CLANG_CXX_LANGUAGE_STANDARD = "gnu++0x";
				CLANG_CXX_LIBRARY = "libc++";
				CLANG_ENABLE_MODULES = YES;
				CLANG_ENABLE_OBJC_ARC = YES;
				CLANG_WARN_BOOL_CONVERSION = YES;
				CLANG_WARN_CONSTANT_CONVERSION = YES;
				CLANG_WARN_DIRECT_OBJC_ISA_USAGE = YES_ERROR;
				CLANG_WARN_EMPTY_BODY = YES;
				CLANG_WARN_ENUM_CONVERSION = YES;
				CLANG_WARN_INT_CONVERSION = YES;
				CLANG_WARN_OBJC_ROOT_CLASS = YES_ERROR;
				CLANG_WARN__DUPLICATE_METHOD_MATCH = YES;
				"CODE_SIGN_IDENTITY[sdk=iphoneos*]" = "iPhone Developer";
				COPY_PHASE_STRIP = YES;
				ENABLE_NS_ASSERTIONS = NO;
				GCC_C_LANGUAGE_STANDARD = gnu99;
				GCC_WARN_64_TO_32_BIT_CONVERSION = YES;
				GCC_WARN_ABOUT_RETURN_TYPE = YES_ERROR;
				GCC_WARN_UNDECLARED_SELECTOR = YES;
				GCC_WARN_UNINITIALIZED_AUTOS = YES;
				GCC_WARN_UNUSED_FUNCTION = YES;
				GCC_WARN_UNUSED_VARIABLE = YES;
				IPHONEOS_DEPLOYMENT_TARGET = 7.0;
				SDKROOT = iphoneos;
				VALIDATE_PRODUCT = YES;
			};
			name = Release;
		};
		E9D84A161892134100DDE5FE /* Debug */ = {
			isa = XCBuildConfiguration;
			buildSettings = {
				ASSETCATALOG_COMPILER_APPICON_NAME = AppIcon;
				ASSETCATALOG_COMPILER_LAUNCHIMAGE_NAME = LaunchImage;
				GCC_PRECOMPILE_PREFIX_HEADER = YES;
				GCC_PREFIX_HEADER = "sabnzbd/sabnzbd-Prefix.pch";
				INFOPLIST_FILE = "sabnzbd/sabnzbd-Info.plist";
				PRODUCT_NAME = "$(TARGET_NAME)";
				WRAPPER_EXTENSION = app;
			};
			name = Debug;
		};
		E9D84A171892134100DDE5FE /* Release */ = {
			isa = XCBuildConfiguration;
			buildSettings = {
				ASSETCATALOG_COMPILER_APPICON_NAME = AppIcon;
				ASSETCATALOG_COMPILER_LAUNCHIMAGE_NAME = LaunchImage;
				GCC_PRECOMPILE_PREFIX_HEADER = YES;
				GCC_PREFIX_HEADER = "sabnzbd/sabnzbd-Prefix.pch";
				INFOPLIST_FILE = "sabnzbd/sabnzbd-Info.plist";
				PRODUCT_NAME = "$(TARGET_NAME)";
				WRAPPER_EXTENSION = app;
			};
			name = Release;
		};
		E9D84A191892134100DDE5FE /* Debug */ = {
			isa = XCBuildConfiguration;
			buildSettings = {
				ARCHS = "$(ARCHS_STANDARD_INCLUDING_64_BIT)";
				BUNDLE_LOADER = "$(BUILT_PRODUCTS_DIR)/sabnzbd.app/sabnzbd";
				FRAMEWORK_SEARCH_PATHS = (
					"$(SDKROOT)/Developer/Library/Frameworks",
					"$(inherited)",
					"$(DEVELOPER_FRAMEWORKS_DIR)",
				);
				GCC_PRECOMPILE_PREFIX_HEADER = YES;
				GCC_PREFIX_HEADER = "sabnzbd/sabnzbd-Prefix.pch";
				GCC_PREPROCESSOR_DEFINITIONS = (
					"DEBUG=1",
					"$(inherited)",
				);
				INFOPLIST_FILE = "sabnzbdTests/sabnzbdTests-Info.plist";
				PRODUCT_NAME = "$(TARGET_NAME)";
				TEST_HOST = "$(BUNDLE_LOADER)";
				WRAPPER_EXTENSION = xctest;
			};
			name = Debug;
		};
		E9D84A1A1892134100DDE5FE /* Release */ = {
			isa = XCBuildConfiguration;
			buildSettings = {
				ARCHS = "$(ARCHS_STANDARD_INCLUDING_64_BIT)";
				BUNDLE_LOADER = "$(BUILT_PRODUCTS_DIR)/sabnzbd.app/sabnzbd";
				FRAMEWORK_SEARCH_PATHS = (
					"$(SDKROOT)/Developer/Library/Frameworks",
					"$(inherited)",
					"$(DEVELOPER_FRAMEWORKS_DIR)",
				);
				GCC_PRECOMPILE_PREFIX_HEADER = YES;
				GCC_PREFIX_HEADER = "sabnzbd/sabnzbd-Prefix.pch";
				INFOPLIST_FILE = "sabnzbdTests/sabnzbdTests-Info.plist";
				PRODUCT_NAME = "$(TARGET_NAME)";
				TEST_HOST = "$(BUNDLE_LOADER)";
				WRAPPER_EXTENSION = xctest;
			};
			name = Release;
		};
/* End XCBuildConfiguration section */

/* Begin XCConfigurationList section */
		E9D849DB1892134000DDE5FE /* Build configuration list for PBXProject "sabnzbd" */ = {
			isa = XCConfigurationList;
			buildConfigurations = (
				E9D84A131892134100DDE5FE /* Debug */,
				E9D84A141892134100DDE5FE /* Release */,
			);
			defaultConfigurationIsVisible = 0;
			defaultConfigurationName = Release;
		};
		E9D84A151892134100DDE5FE /* Build configuration list for PBXNativeTarget "sabnzbd" */ = {
			isa = XCConfigurationList;
			buildConfigurations = (
				E9D84A161892134100DDE5FE /* Debug */,
				E9D84A171892134100DDE5FE /* Release */,
			);
			defaultConfigurationIsVisible = 0;
			defaultConfigurationName = Release;
		};
		E9D84A181892134100DDE5FE /* Build configuration list for PBXNativeTarget "sabnzbdTests" */ = {
			isa = XCConfigurationList;
			buildConfigurations = (
				E9D84A191892134100DDE5FE /* Debug */,
				E9D84A1A1892134100DDE5FE /* Release */,
			);
			defaultConfigurationIsVisible = 0;
			defaultConfigurationName = Release;
		};
/* End XCConfigurationList section */
	};
	rootObject = E9D849D81892134000DDE5FE /* Project object */;
}
